
Microsoft Visual Studio Solution File, Format Version 11.00
# Visual Studio 2010
Project("{FAE04EC0-301F-11D3-BF4B-00C04F79EFBC}") = "ET.WinService", "EtransServer\ET.WinService.csproj", "{23904B0E-7774-4E4C-BEFF-A603F80D043D}"
EndProject
Project("{FAE04EC0-301F-11D3-BF4B-00C04F79EFBC}") = "ET.WinService.Core", "ET.WinService.Core\ET.WinService.Core.csproj", "{77E6CC40-7EE7-4EA5-8ADD-6AC0DE3A8189}"
EndProject
Project("{FAE04EC0-301F-11D3-BF4B-00C04F79EFBC}") = "ET.WinService.Task", "ET.WinService.Task\ET.WinService.Task.csproj", "{9A4AB248-2CEF-4886-A12F-B89B646908A5}"
EndProject
Project("{2150E333-8FDC-42A3-9474-1A3956D46DE8}") = "modules", "modules", "{49973D4D-93D4-41C9-B14A-69D117B82793}"
EndProject
Project("{FAE04EC0-301F-11D3-BF4B-00C04F79EFBC}") = "ET.WinService.Manager", "ET.WinService.Manager\ET.WinService.Manager.csproj", "{A8B12968-E7F3-479A-899D-2A0828D1A973}"
EndProject
Project("{FAE04EC0-301F-11D3-BF4B-00C04F79EFBC}") = "ET.TA.IAA", "ET.TA.IAA\ET.TA.IAA.csproj", "{9D257469-861B-44B9-B1C1-38E977D576B0}"
EndProject
Project("{FAE04EC0-301F-11D3-BF4B-00C04F79EFBC}") = "ET.WinService.WinTest", "ET.WinService.WinTest\ET.WinService.WinTest.csproj", "{0C0524BB-6E84-4352-94C0-D179D99732E9}"
EndProject
Global
	GlobalSection(TeamFoundationVersionControl) = preSolution
		SccNumberOfProjects = 7
		SccEnterpriseProvider = {4CA58AB2-18FA-4F8D-95D4-32DDF27D184C}
		SccTeamFoundationServer = http://192.168.2.8:8095/tfs/defaultcollection
		SccLocalPath0 = .
		SccProjectUniqueName1 = EtransServer\\ET.WinService.csproj
		SccProjectName1 = EtransServer
		SccLocalPath1 = EtransServer
		SccProjectUniqueName2 = ET.WinService.Core\\ET.WinService.Core.csproj
		SccProjectName2 = ET.WinService.Core
		SccLocalPath2 = ET.WinService.Core
		SccProjectUniqueName3 = ET.WinService.Task\\ET.WinService.Task.csproj
		SccProjectName3 = ET.WinService.Task
		SccLocalPath3 = ET.WinService.Task
		SccProjectUniqueName4 = ET.WinService.Manager\\ET.WinService.Manager.csproj
		SccProjectName4 = ET.WinService.Manager
		SccLocalPath4 = ET.WinService.Manager
		SccProjectUniqueName5 = ET.TA.IAA\\ET.TA.IAA.csproj
		SccProjectTopLevelParentUniqueName5 = TAServer.sln
		SccProjectName5 = ET.TA.IAA
		SccLocalPath5 = ET.TA.IAA
		SccProjectUniqueName6 = ET.WinService.WinTest\\ET.WinService.WinTest.csproj
		SccProjectName6 = ET.WinService.WinTest
		SccLocalPath6 = ET.WinService.WinTest
	EndGlobalSection
	GlobalSection(SolutionConfigurationPlatforms) = preSolution
		Debug|Any CPU = Debug|Any CPU
		Debug|Mixed Platforms = Debug|Mixed Platforms
		Debug|x86 = Debug|x86
		Release|Any CPU = Release|Any CPU
		Release|Mixed Platforms = Release|Mixed Platforms
		Release|x86 = Release|x86
	EndGlobalSection
	GlobalSection(ProjectConfigurationPlatforms) = postSolution
		{23904B0E-7774-4E4C-BEFF-A603F80D043D}.Debug|Any CPU.ActiveCfg = Debug|x86
		{23904B0E-7774-4E4C-BEFF-A603F80D043D}.Debug|Mixed Platforms.ActiveCfg = Debug|x86
		{23904B0E-7774-4E4C-BEFF-A603F80D043D}.Debug|Mixed Platforms.Build.0 = Debug|x86
		{23904B0E-7774-4E4C-BEFF-A603F80D043D}.Debug|x86.ActiveCfg = Debug|x86
		{23904B0E-7774-4E4C-BEFF-A603F80D043D}.Debug|x86.Build.0 = Debug|x86
		{23904B0E-7774-4E4C-BEFF-A603F80D043D}.Release|Any CPU.ActiveCfg = Release|x86
		{23904B0E-7774-4E4C-BEFF-A603F80D043D}.Release|Mixed Platforms.ActiveCfg = Release|x86
		{23904B0E-7774-4E4C-BEFF-A603F80D043D}.Release|Mixed Platforms.Build.0 = Release|x86
		{23904B0E-7774-4E4C-BEFF-A603F80D043D}.Release|x86.ActiveCfg = Release|x86
		{23904B0E-7774-4E4C-BEFF-A603F80D043D}.Release|x86.Build.0 = Release|x86
		{77E6CC40-7EE7-4EA5-8ADD-6AC0DE3A8189}.Debug|Any CPU.ActiveCfg = Debug|Any CPU
		{77E6CC40-7EE7-4EA5-8ADD-6AC0DE3A8189}.Debug|Any CPU.Build.0 = Debug|Any CPU
		{77E6CC40-7EE7-4EA5-8ADD-6AC0DE3A8189}.Debug|Mixed Platforms.ActiveCfg = Debug|Any CPU
		{77E6CC40-7EE7-4EA5-8ADD-6AC0DE3A8189}.Debug|Mixed Platforms.Build.0 = Debug|Any CPU
		{77E6CC40-7EE7-4EA5-8ADD-6AC0DE3A8189}.Debug|x86.ActiveCfg = Debug|Any CPU
		{77E6CC40-7EE7-4EA5-8ADD-6AC0DE3A8189}.Release|Any CPU.ActiveCfg = Release|Any CPU
		{77E6CC40-7EE7-4EA5-8ADD-6AC0DE3A8189}.Release|Any CPU.Build.0 = Release|Any CPU
		{77E6CC40-7EE7-4EA5-8ADD-6AC0DE3A8189}.Release|Mixed Platforms.ActiveCfg = Release|Any CPU
		{77E6CC40-7EE7-4EA5-8ADD-6AC0DE3A8189}.Release|Mixed Platforms.Build.0 = Release|Any CPU
		{77E6CC40-7EE7-4EA5-8ADD-6AC0DE3A8189}.Release|x86.ActiveCfg = Release|Any CPU
		{9A4AB248-2CEF-4886-A12F-B89B646908A5}.Debug|Any CPU.ActiveCfg = Debug|Any CPU
		{9A4AB248-2CEF-4886-A12F-B89B646908A5}.Debug|Any CPU.Build.0 = Debug|Any CPU
		{9A4AB248-2CEF-4886-A12F-B89B646908A5}.Debug|Mixed Platforms.ActiveCfg = Debug|Any CPU
		{9A4AB248-2CEF-4886-A12F-B89B646908A5}.Debug|Mixed Platforms.Build.0 = Debug|Any CPU
		{9A4AB248-2CEF-4886-A12F-B89B646908A5}.Debug|x86.ActiveCfg = Debug|Any CPU
		{9A4AB248-2CEF-4886-A12F-B89B646908A5}.Release|Any CPU.ActiveCfg = Release|Any CPU
		{9A4AB248-2CEF-4886-A12F-B89B646908A5}.Release|Any CPU.Build.0 = Release|Any CPU
		{9A4AB248-2CEF-4886-A12F-B89B646908A5}.Release|Mixed Platforms.ActiveCfg = Release|Any CPU
		{9A4AB248-2CEF-4886-A12F-B89B646908A5}.Release|Mixed Platforms.Build.0 = Release|Any CPU
		{9A4AB248-2CEF-4886-A12F-B89B646908A5}.Release|x86.ActiveCfg = Release|Any CPU
		{A8B12968-E7F3-479A-899D-2A0828D1A973}.Debug|Any CPU.ActiveCfg = Debug|x86
		{A8B12968-E7F3-479A-899D-2A0828D1A973}.Debug|Mixed Platforms.ActiveCfg = Debug|x86
		{A8B12968-E7F3-479A-899D-2A0828D1A973}.Debug|Mixed Platforms.Build.0 = Debug|x86
		{A8B12968-E7F3-479A-899D-2A0828D1A973}.Debug|x86.ActiveCfg = Debug|x86
		{A8B12968-E7F3-479A-899D-2A0828D1A973}.Debug|x86.Build.0 = Debug|x86
		{A8B12968-E7F3-479A-899D-2A0828D1A973}.Release|Any CPU.ActiveCfg = Release|x86
		{A8B12968-E7F3-479A-899D-2A0828D1A973}.Release|Mixed Platforms.ActiveCfg = Release|x86
		{A8B12968-E7F3-479A-899D-2A0828D1A973}.Release|Mixed Platforms.Build.0 = Release|x86
		{A8B12968-E7F3-479A-899D-2A0828D1A973}.Release|x86.ActiveCfg = Release|x86
		{A8B12968-E7F3-479A-899D-2A0828D1A973}.Release|x86.Build.0 = Release|x86
		{9D257469-861B-44B9-B1C1-38E977D576B0}.Debug|Any CPU.ActiveCfg = Debug|Any CPU
		{9D257469-861B-44B9-B1C1-38E977D576B0}.Debug|Any CPU.Build.0 = Debug|Any CPU
		{9D257469-861B-44B9-B1C1-38E977D576B0}.Debug|Mixed Platforms.ActiveCfg = Debug|Any CPU
		{9D257469-861B-44B9-B1C1-38E977D576B0}.Debug|Mixed Platforms.Build.0 = Debug|Any CPU
		{9D257469-861B-44B9-B1C1-38E977D576B0}.Debug|x86.ActiveCfg = Debug|Any CPU
		{9D257469-861B-44B9-B1C1-38E977D576B0}.Release|Any CPU.ActiveCfg = Release|Any CPU
		{9D257469-861B-44B9-B1C1-38E977D576B0}.Release|Any CPU.Build.0 = Release|Any CPU
		{9D257469-861B-44B9-B1C1-38E977D576B0}.Release|Mixed Platforms.ActiveCfg = Release|Any CPU
		{9D257469-861B-44B9-B1C1-38E977D576B0}.Release|Mixed Platforms.Build.0 = Release|Any CPU
		{9D257469-861B-44B9-B1C1-38E977D576B0}.Release|x86.ActiveCfg = Release|Any CPU
		{0C0524BB-6E84-4352-94C0-D179D99732E9}.Debug|Any CPU.ActiveCfg = Debug|x86
		{0C0524BB-6E84-4352-94C0-D179D99732E9}.Debug|Mixed Platforms.ActiveCfg = Debug|x86
		{0C0524BB-6E84-4352-94C0-D179D99732E9}.Debug|Mixed Platforms.Build.0 = Debug|x86
		{0C0524BB-6E84-4352-94C0-D179D99732E9}.Debug|x86.ActiveCfg = Debug|x86
		{0C0524BB-6E84-4352-94C0-D179D99732E9}.Debug|x86.Build.0 = Debug|x86
		{0C0524BB-6E84-4352-94C0-D179D99732E9}.Release|Any CPU.ActiveCfg = Release|x86
		{0C0524BB-6E84-4352-94C0-D179D99732E9}.Release|Mixed Platforms.ActiveCfg = Release|x86
		{0C0524BB-6E84-4352-94C0-D179D99732E9}.Release|Mixed Platforms.Build.0 = Release|x86
		{0C0524BB-6E84-4352-94C0-D179D99732E9}.Release|x86.ActiveCfg = Release|x86
		{0C0524BB-6E84-4352-94C0-D179D99732E9}.Release|x86.Build.0 = Release|x86
	EndGlobalSection
	GlobalSection(SolutionProperties) = preSolution
		HideSolutionNode = FALSE
	EndGlobalSection
	GlobalSection(NestedProjects) = preSolution
		{9D257469-861B-44B9-B1C1-38E977D576B0} = {49973D4D-93D4-41C9-B14A-69D117B82793}
	EndGlobalSection
	GlobalSection(SubversionScc) = preSolution
		Svn-Managed = True
		Manager = AnkhSVN - Subversion Support for Visual Studio
	EndGlobalSection
EndGlobal
